{
  "name": "contract",
  "version": "1.0.0",
  "lockfileVersion": 1,
  "requires": true,
  "dependencies": {
    "@openzeppelin/contracts": {
      "version": "3.4.1",
      "resolved": "https://registry.npmjs.org/@openzeppelin/contracts/-/contracts-3.4.1.tgz",
      "integrity": "sha512-cUriqMauq1ylzP2TxePNdPqkwI7Le3Annh4K9rrpvKfSBB/bdW+Iu1ihBaTIABTAAJ85LmKL5SSPPL9ry8d1gQ=="
    },
    "bluebird": {
      "version": "3.7.2",
      "resolved": "https://registry.npmjs.org/bluebird/-/bluebird-3.7.2.tgz",
      "integrity": "sha512-XpNj6GDQzdfW+r2Wnn7xiSAd7TM3jzkxGXBGTtWKuSXv1xUV+azxAm8jdWZN06QTQk+2N2XB9jRDkvbmQmcRtg=="
    }
  }
}
